
Microsoft Visual Studio Solution File, Format Version 12.00
# Visual Studio Version 17
VisualStudioVersion = 17.14.36414.22 d17.14
MinimumVisualStudioVersion = 10.0.40219.1
Project("{FAE04EC0-301F-11D3-BF4B-00C04F79EFBC}") = "PraceSPoli", "PraceSPoli\PraceSPoli.csproj", "{17A2CEFD-B449-49EF-A848-FF636776C5F8}"
EndProject
Global
	GlobalSection(SolutionConfigurationPlatforms) = preSolution
		Debug|Any CPU = Debug|Any CPU
		Release|Any CPU = Release|Any CPU
	EndGlobalSection
	GlobalSection(ProjectConfigurationPlatforms) = postSolution
		{17A2CEFD-B449-49EF-A848-FF636776C5F8}.Debug|Any CPU.ActiveCfg = Debug|Any CPU
		{17A2CEFD-B449-49EF-A848-FF636776C5F8}.Debug|Any CPU.Build.0 = Debug|Any CPU
		{17A2CEFD-B449-49EF-A848-FF636776C5F8}.Release|Any CPU.ActiveCfg = Release|Any CPU
		{17A2CEFD-B449-49EF-A848-FF636776C5F8}.Release|Any CPU.Build.0 = Release|Any CPU
	EndGlobalSection
	GlobalSection(SolutionProperties) = preSolution
		HideSolutionNode = FALSE
	EndGlobalSection
	GlobalSection(ExtensibilityGlobals) = postSolution
		SolutionGuid = {48220C32-C888-4C3E-BCB0-A02D68A0CB6B}
	EndGlobalSection
EndGlobal
